
Microsoft Visual Studio Solution File, Format Version 12.00
# Visual Studio Version 17
VisualStudioVersion = 17.10.35004.147
MinimumVisualStudioVersion = 10.0.40219.1
Project("{FAE04EC0-301F-11D3-BF4B-00C04F79EFBC}") = "task 1", "task 1\task 1.csproj", "{649058D5-D75A-4F1A-B341-BDBC34206311}"
EndProject
Project("{FAE04EC0-301F-11D3-BF4B-00C04F79EFBC}") = "task 2", "task 2\task 2.csproj", "{71DC5390-C908-4431-94E7-DEDE2E4DE093}"
EndProject
Project("{FAE04EC0-301F-11D3-BF4B-00C04F79EFBC}") = "task 3", "task 3\task 3.csproj", "{1A710CF7-C0E4-403C-9052-069640F592CD}"
EndProject
Project("{FAE04EC0-301F-11D3-BF4B-00C04F79EFBC}") = "task 4", "task 4\task 4.csproj", "{7B1D4C66-6FD1-41E3-9F44-BF30D321C631}"
EndProject
Project("{FAE04EC0-301F-11D3-BF4B-00C04F79EFBC}") = "task 5", "task 5\task 5.csproj", "{5B28A1D6-CDF1-45CE-90C6-28A4A67455B6}"
EndProject
Global
	GlobalSection(SolutionConfigurationPlatforms) = preSolution
		Debug|Any CPU = Debug|Any CPU
		Release|Any CPU = Release|Any CPU
	EndGlobalSection
	GlobalSection(ProjectConfigurationPlatforms) = postSolution
		{649058D5-D75A-4F1A-B341-BDBC34206311}.Debug|Any CPU.ActiveCfg = Debug|Any CPU
		{649058D5-D75A-4F1A-B341-BDBC34206311}.Debug|Any CPU.Build.0 = Debug|Any CPU
		{649058D5-D75A-4F1A-B341-BDBC34206311}.Release|Any CPU.ActiveCfg = Release|Any CPU
		{649058D5-D75A-4F1A-B341-BDBC34206311}.Release|Any CPU.Build.0 = Release|Any CPU
		{71DC5390-C908-4431-94E7-DEDE2E4DE093}.Debug|Any CPU.ActiveCfg = Debug|Any CPU
		{71DC5390-C908-4431-94E7-DEDE2E4DE093}.Debug|Any CPU.Build.0 = Debug|Any CPU
		{71DC5390-C908-4431-94E7-DEDE2E4DE093}.Release|Any CPU.ActiveCfg = Release|Any CPU
		{71DC5390-C908-4431-94E7-DEDE2E4DE093}.Release|Any CPU.Build.0 = Release|Any CPU
		{1A710CF7-C0E4-403C-9052-069640F592CD}.Debug|Any CPU.ActiveCfg = Debug|Any CPU
		{1A710CF7-C0E4-403C-9052-069640F592CD}.Debug|Any CPU.Build.0 = Debug|Any CPU
		{1A710CF7-C0E4-403C-9052-069640F592CD}.Release|Any CPU.ActiveCfg = Release|Any CPU
		{1A710CF7-C0E4-403C-9052-069640F592CD}.Release|Any CPU.Build.0 = Release|Any CPU
		{7B1D4C66-6FD1-41E3-9F44-BF30D321C631}.Debug|Any CPU.ActiveCfg = Debug|Any CPU
		{7B1D4C66-6FD1-41E3-9F44-BF30D321C631}.Debug|Any CPU.Build.0 = Debug|Any CPU
		{7B1D4C66-6FD1-41E3-9F44-BF30D321C631}.Release|Any CPU.ActiveCfg = Release|Any CPU
		{7B1D4C66-6FD1-41E3-9F44-BF30D321C631}.Release|Any CPU.Build.0 = Release|Any CPU
		{5B28A1D6-CDF1-45CE-90C6-28A4A67455B6}.Debug|Any CPU.ActiveCfg = Debug|Any CPU
		{5B28A1D6-CDF1-45CE-90C6-28A4A67455B6}.Debug|Any CPU.Build.0 = Debug|Any CPU
		{5B28A1D6-CDF1-45CE-90C6-28A4A67455B6}.Release|Any CPU.ActiveCfg = Release|Any CPU
		{5B28A1D6-CDF1-45CE-90C6-28A4A67455B6}.Release|Any CPU.Build.0 = Release|Any CPU
	EndGlobalSection
	GlobalSection(SolutionProperties) = preSolution
		HideSolutionNode = FALSE
	EndGlobalSection
	GlobalSection(ExtensibilityGlobals) = postSolution
		SolutionGuid = {76913361-871E-4B66-A33A-A3B0757A0669}
	EndGlobalSection
EndGlobal
